
Microsoft Visual Studio Solution File, Format Version 12.00
# Visual Studio 2012
Project("{FAE04EC0-301F-11D3-BF4B-00C04F79EFBC}") = "AtTaskAPI", "AtTaskAPI\AtTaskAPI.csproj", "{4921D1DE-EAE4-4613-90DD-22474CEBC143}"
EndProject
Project("{FAE04EC0-301F-11D3-BF4B-00C04F79EFBC}") = "AtTaskAPI.Test", "AtTaskAPI.Test\AtTaskAPI.Test.csproj", "{B3396DA2-177E-430A-A1FD-EA6269AE4AB7}"
EndProject
Global
	GlobalSection(SolutionConfigurationPlatforms) = preSolution
		Debug|Any CPU = Debug|Any CPU
		Release|Any CPU = Release|Any CPU
	EndGlobalSection
	GlobalSection(ProjectConfigurationPlatforms) = postSolution
		{4921D1DE-EAE4-4613-90DD-22474CEBC143}.Debug|Any CPU.ActiveCfg = Debug|Any CPU
		{4921D1DE-EAE4-4613-90DD-22474CEBC143}.Debug|Any CPU.Build.0 = Debug|Any CPU
		{4921D1DE-EAE4-4613-90DD-22474CEBC143}.Release|Any CPU.ActiveCfg = Release|Any CPU
		{4921D1DE-EAE4-4613-90DD-22474CEBC143}.Release|Any CPU.Build.0 = Release|Any CPU
		{B3396DA2-177E-430A-A1FD-EA6269AE4AB7}.Debug|Any CPU.ActiveCfg = Debug|Any CPU
		{B3396DA2-177E-430A-A1FD-EA6269AE4AB7}.Debug|Any CPU.Build.0 = Debug|Any CPU
		{B3396DA2-177E-430A-A1FD-EA6269AE4AB7}.Release|Any CPU.ActiveCfg = Release|Any CPU
		{B3396DA2-177E-430A-A1FD-EA6269AE4AB7}.Release|Any CPU.Build.0 = Release|Any CPU
	EndGlobalSection
	GlobalSection(SolutionProperties) = preSolution
		HideSolutionNode = FALSE
	EndGlobalSection
EndGlobal
